<?xml version="1.0" encoding="utf-8"?>
<Project ToolsVersion="4.0" xmlns="http://schemas.microsoft.com/developer/msbuild/2003">
  <ItemGroup>
    <Filter Include="소스 파일">
      <UniqueIdentifier>{4FC737F1-C7A5-4376-A066-2A32D752A2FF}</UniqueIdentifier>
      <Extensions>cpp;c;cc;cxx;c++;cppm;ixx;def;odl;idl;hpj;bat;asm;asmx</Extensions>
    </Filter>
    <Filter Include="헤더 파일">
      <UniqueIdentifier>{93995380-89BD-4b04-88EB-625FBE52EBFB}</UniqueIdentifier>
      <Extensions>h;hh;hpp;hxx;h++;hm;inl;inc;ipp;xsd</Extensions>
    </Filter>
    <Filter Include="리소스 파일">
      <UniqueIdentifier>{67DA6AB6-F800-4c08-8B7A-83BB121AAD01}</UniqueIdentifier>
      <Extensions>rc;ico;cur;bmp;dlg;rc2;rct;bin;rgs;gif;jpg;jpeg;jpe;resx;tiff;tif;png;wav;mfcribbon-ms</Extensions>
    </Filter>
    <Filter Include="헤더 파일\include">
      <UniqueIdentifier>{d78bc850-2b80-43c8-ac8e-c49bb999ed69}</UniqueIdentifier>
    </Filter>
  </ItemGroup>
  <ItemGroup>
    <ClCompile Include="main.cpp">
      <Filter>소스 파일</Filter>
    </ClCompile>
    <ClCompile Include="Iocp.cpp">
      <Filter>소스 파일</Filter>
    </ClCompile>
    <ClCompile Include="DB.cpp">
      <Filter>소스 파일</Filter>
    </ClCompile>
    <ClCompile Include="extended_overlapped.cpp">
      <Filter>소스 파일</Filter>
    </ClCompile>
    <ClCompile Include="session.cpp">
      <Filter>소스 파일</Filter>
    </ClCompile>
    <ClCompile Include="monster.cpp">
      <Filter>소스 파일</Filter>
    </ClCompile>
    <ClCompile Include="includePython.cpp">
      <Filter>소스 파일</Filter>
    </ClCompile>
  </ItemGroup>
  <ItemGroup>
    <ClInclude Include="Iocp.h">
      <Filter>헤더 파일</Filter>
    </ClInclude>
    <ClInclude Include="DB.h">
      <Filter>헤더 파일</Filter>
    </ClInclude>
    <ClInclude Include="protocol.h">
      <Filter>헤더 파일</Filter>
    </ClInclude>
    <ClInclude Include="stdafx.h">
      <Filter>헤더 파일</Filter>
    </ClInclude>
    <ClInclude Include="extended_overlapped.h">
      <Filter>헤더 파일</Filter>
    </ClInclude>
    <ClInclude Include="session.h">
      <Filter>헤더 파일</Filter>
    </ClInclude>
    <ClInclude Include="monster.h">
      <Filter>헤더 파일</Filter>
    </ClInclude>
    <ClInclude Include="include\lauxlib.h">
      <Filter>헤더 파일\include</Filter>
    </ClInclude>
    <ClInclude Include="include\lua.h">
      <Filter>헤더 파일\include</Filter>
    </ClInclude>
    <ClInclude Include="include\lua.hpp">
      <Filter>헤더 파일\include</Filter>
    </ClInclude>
    <ClInclude Include="include\luaconf.h">
      <Filter>헤더 파일\include</Filter>
    </ClInclude>
    <ClInclude Include="include\lualib.h">
      <Filter>헤더 파일\include</Filter>
    </ClInclude>
    <ClInclude Include="include\abstract.h">
      <Filter>헤더 파일\include</Filter>
    </ClInclude>
    <ClInclude Include="include\asdl.h">
      <Filter>헤더 파일\include</Filter>
    </ClInclude>
    <ClInclude Include="include\ast.h">
      <Filter>헤더 파일\include</Filter>
    </ClInclude>
    <ClInclude Include="include\bitset.h">
      <Filter>헤더 파일\include</Filter>
    </ClInclude>
    <ClInclude Include="include\bltinmodule.h">
      <Filter>헤더 파일\include</Filter>
    </ClInclude>
    <ClInclude Include="include\boolobject.h">
      <Filter>헤더 파일\include</Filter>
    </ClInclude>
    <ClInclude Include="include\bytearrayobject.h">
      <Filter>헤더 파일\include</Filter>
    </ClInclude>
    <ClInclude Include="include\bytesobject.h">
      <Filter>헤더 파일\include</Filter>
    </ClInclude>
    <ClInclude Include="include\cellobject.h">
      <Filter>헤더 파일\include</Filter>
    </ClInclude>
    <ClInclude Include="include\ceval.h">
      <Filter>헤더 파일\include</Filter>
    </ClInclude>
    <ClInclude Include="include\classobject.h">
      <Filter>헤더 파일\include</Filter>
    </ClInclude>
    <ClInclude Include="include\code.h">
      <Filter>헤더 파일\include</Filter>
    </ClInclude>
    <ClInclude Include="include\codecs.h">
      <Filter>헤더 파일\include</Filter>
    </ClInclude>
    <ClInclude Include="include\compile.h">
      <Filter>헤더 파일\include</Filter>
    </ClInclude>
    <ClInclude Include="include\complexobject.h">
      <Filter>헤더 파일\include</Filter>
    </ClInclude>
    <ClInclude Include="include\context.h">
      <Filter>헤더 파일\include</Filter>
    </ClInclude>
    <ClInclude Include="include\datetime.h">
      <Filter>헤더 파일\include</Filter>
    </ClInclude>
    <ClInclude Include="include\descrobject.h">
      <Filter>헤더 파일\include</Filter>
    </ClInclude>
    <ClInclude Include="include\dictobject.h">
      <Filter>헤더 파일\include</Filter>
    </ClInclude>
    <ClInclude Include="include\dynamic_annotations.h">
      <Filter>헤더 파일\include</Filter>
    </ClInclude>
    <ClInclude Include="include\enumobject.h">
      <Filter>헤더 파일\include</Filter>
    </ClInclude>
    <ClInclude Include="include\errcode.h">
      <Filter>헤더 파일\include</Filter>
    </ClInclude>
    <ClInclude Include="include\eval.h">
      <Filter>헤더 파일\include</Filter>
    </ClInclude>
    <ClInclude Include="include\exports.h">
      <Filter>헤더 파일\include</Filter>
    </ClInclude>
    <ClInclude Include="include\fileobject.h">
      <Filter>헤더 파일\include</Filter>
    </ClInclude>
    <ClInclude Include="include\fileutils.h">
      <Filter>헤더 파일\include</Filter>
    </ClInclude>
    <ClInclude Include="include\floatobject.h">
      <Filter>헤더 파일\include</Filter>
    </ClInclude>
    <ClInclude Include="include\frameobject.h">
      <Filter>헤더 파일\include</Filter>
    </ClInclude>
    <ClInclude Include="include\funcobject.h">
      <Filter>헤더 파일\include</Filter>
    </ClInclude>
    <ClInclude Include="include\genericaliasobject.h">
      <Filter>헤더 파일\include</Filter>
    </ClInclude>
    <ClInclude Include="include\genobject.h">
      <Filter>헤더 파일\include</Filter>
    </ClInclude>
    <ClInclude Include="include\graminit.h">
      <Filter>헤더 파일\include</Filter>
    </ClInclude>
    <ClInclude Include="include\grammar.h">
      <Filter>헤더 파일\include</Filter>
    </ClInclude>
    <ClInclude Include="include\import.h">
      <Filter>헤더 파일\include</Filter>
    </ClInclude>
    <ClInclude Include="include\interpreteridobject.h">
      <Filter>헤더 파일\include</Filter>
    </ClInclude>
    <ClInclude Include="include\intrcheck.h">
      <Filter>헤더 파일\include</Filter>
    </ClInclude>
    <ClInclude Include="include\iterobject.h">
      <Filter>헤더 파일\include</Filter>
    </ClInclude>
    <ClInclude Include="include\listobject.h">
      <Filter>헤더 파일\include</Filter>
    </ClInclude>
    <ClInclude Include="include\longintrepr.h">
      <Filter>헤더 파일\include</Filter>
    </ClInclude>
    <ClInclude Include="include\longobject.h">
      <Filter>헤더 파일\include</Filter>
    </ClInclude>
    <ClInclude Include="include\marshal.h">
      <Filter>헤더 파일\include</Filter>
    </ClInclude>
    <ClInclude Include="include\memoryobject.h">
      <Filter>헤더 파일\include</Filter>
    </ClInclude>
    <ClInclude Include="include\methodobject.h">
      <Filter>헤더 파일\include</Filter>
    </ClInclude>
    <ClInclude Include="include\modsupport.h">
      <Filter>헤더 파일\include</Filter>
    </ClInclude>
    <ClInclude Include="include\moduleobject.h">
      <Filter>헤더 파일\include</Filter>
    </ClInclude>
    <ClInclude Include="include\namespaceobject.h">
      <Filter>헤더 파일\include</Filter>
    </ClInclude>
    <ClInclude Include="include\node.h">
      <Filter>헤더 파일\include</Filter>
    </ClInclude>
    <ClInclude Include="include\object.h">
      <Filter>헤더 파일\include</Filter>
    </ClInclude>
    <ClInclude Include="include\objimpl.h">
      <Filter>헤더 파일\include</Filter>
    </ClInclude>
    <ClInclude Include="include\odictobject.h">
      <Filter>헤더 파일\include</Filter>
    </ClInclude>
    <ClInclude Include="include\opcode.h">
      <Filter>헤더 파일\include</Filter>
    </ClInclude>
    <ClInclude Include="include\osdefs.h">
      <Filter>헤더 파일\include</Filter>
    </ClInclude>
    <ClInclude Include="include\osmodule.h">
      <Filter>헤더 파일\include</Filter>
    </ClInclude>
    <ClInclude Include="include\parsetok.h">
      <Filter>헤더 파일\include</Filter>
    </ClInclude>
    <ClInclude Include="include\patchlevel.h">
      <Filter>헤더 파일\include</Filter>
    </ClInclude>
    <ClInclude Include="include\picklebufobject.h">
      <Filter>헤더 파일\include</Filter>
    </ClInclude>
    <ClInclude Include="include\py_curses.h">
      <Filter>헤더 파일\include</Filter>
    </ClInclude>
    <ClInclude Include="include\pyarena.h">
      <Filter>헤더 파일\include</Filter>
    </ClInclude>
    <ClInclude Include="include\pycapsule.h">
      <Filter>헤더 파일\include</Filter>
    </ClInclude>
    <ClInclude Include="include\pyconfig.h">
      <Filter>헤더 파일\include</Filter>
    </ClInclude>
    <ClInclude Include="include\pyctype.h">
      <Filter>헤더 파일\include</Filter>
    </ClInclude>
    <ClInclude Include="include\pydebug.h">
      <Filter>헤더 파일\include</Filter>
    </ClInclude>
    <ClInclude Include="include\pydtrace.h">
      <Filter>헤더 파일\include</Filter>
    </ClInclude>
    <ClInclude Include="include\pyerrors.h">
      <Filter>헤더 파일\include</Filter>
    </ClInclude>
    <ClInclude Include="include\pyexpat.h">
      <Filter>헤더 파일\include</Filter>
    </ClInclude>
    <ClInclude Include="include\pyfpe.h">
      <Filter>헤더 파일\include</Filter>
    </ClInclude>
    <ClInclude Include="include\pyframe.h">
      <Filter>헤더 파일\include</Filter>
    </ClInclude>
    <ClInclude Include="include\pyhash.h">
      <Filter>헤더 파일\include</Filter>
    </ClInclude>
    <ClInclude Include="include\pylifecycle.h">
      <Filter>헤더 파일\include</Filter>
    </ClInclude>
    <ClInclude Include="include\pymacconfig.h">
      <Filter>헤더 파일\include</Filter>
    </ClInclude>
    <ClInclude Include="include\pymacro.h">
      <Filter>헤더 파일\include</Filter>
    </ClInclude>
    <ClInclude Include="include\pymath.h">
      <Filter>헤더 파일\include</Filter>
    </ClInclude>
    <ClInclude Include="include\pymem.h">
      <Filter>헤더 파일\include</Filter>
    </ClInclude>
    <ClInclude Include="include\pyport.h">
      <Filter>헤더 파일\include</Filter>
    </ClInclude>
    <ClInclude Include="include\pystate.h">
      <Filter>헤더 파일\include</Filter>
    </ClInclude>
    <ClInclude Include="include\pystrcmp.h">
      <Filter>헤더 파일\include</Filter>
    </ClInclude>
    <ClInclude Include="include\pystrhex.h">
      <Filter>헤더 파일\include</Filter>
    </ClInclude>
    <ClInclude Include="include\pystrtod.h">
      <Filter>헤더 파일\include</Filter>
    </ClInclude>
    <ClInclude Include="include\Python.h">
      <Filter>헤더 파일\include</Filter>
    </ClInclude>
    <ClInclude Include="include\Python-ast.h">
      <Filter>헤더 파일\include</Filter>
    </ClInclude>
    <ClInclude Include="include\pythonrun.h">
      <Filter>헤더 파일\include</Filter>
    </ClInclude>
    <ClInclude Include="include\pythread.h">
      <Filter>헤더 파일\include</Filter>
    </ClInclude>
    <ClInclude Include="include\pytime.h">
      <Filter>헤더 파일\include</Filter>
    </ClInclude>
    <ClInclude Include="include\rangeobject.h">
      <Filter>헤더 파일\include</Filter>
    </ClInclude>
    <ClInclude Include="include\setobject.h">
      <Filter>헤더 파일\include</Filter>
    </ClInclude>
    <ClInclude Include="include\sliceobject.h">
      <Filter>헤더 파일\include</Filter>
    </ClInclude>
    <ClInclude Include="include\structmember.h">
      <Filter>헤더 파일\include</Filter>
    </ClInclude>
    <ClInclude Include="include\structseq.h">
      <Filter>헤더 파일\include</Filter>
    </ClInclude>
    <ClInclude Include="include\symtable.h">
      <Filter>헤더 파일\include</Filter>
    </ClInclude>
    <ClInclude Include="include\sysmodule.h">
      <Filter>헤더 파일\include</Filter>
    </ClInclude>
    <ClInclude Include="include\token.h">
      <Filter>헤더 파일\include</Filter>
    </ClInclude>
    <ClInclude Include="include\traceback.h">
      <Filter>헤더 파일\include</Filter>
    </ClInclude>
    <ClInclude Include="include\tracemalloc.h">
      <Filter>헤더 파일\include</Filter>
    </ClInclude>
    <ClInclude Include="include\tupleobject.h">
      <Filter>헤더 파일\include</Filter>
    </ClInclude>
    <ClInclude Include="include\typeslots.h">
      <Filter>헤더 파일\include</Filter>
    </ClInclude>
    <ClInclude Include="include\ucnhash.h">
      <Filter>헤더 파일\include</Filter>
    </ClInclude>
    <ClInclude Include="include\unicodeobject.h">
      <Filter>헤더 파일\include</Filter>
    </ClInclude>
    <ClInclude Include="include\warnings.h">
      <Filter>헤더 파일\include</Filter>
    </ClInclude>
    <ClInclude Include="include\weakrefobject.h">
      <Filter>헤더 파일\include</Filter>
    </ClInclude>
    <ClInclude Include="includePython.h">
      <Filter>헤더 파일</Filter>
    </ClInclude>
  </ItemGroup>
  <ItemGroup>
    <Library Include="lua54.lib">
      <Filter>리소스 파일</Filter>
    </Library>
    <Library Include="_tkinter.lib">
      <Filter>리소스 파일</Filter>
    </Library>
    <Library Include="python3.lib">
      <Filter>리소스 파일</Filter>
    </Library>
    <Library Include="python39.lib">
      <Filter>리소스 파일</Filter>
    </Library>
  </ItemGroup>
  <ItemGroup>
    <None Include="monsterAI.lua">
      <Filter>리소스 파일</Filter>
    </None>
    <None Include="python3.dll">
      <Filter>리소스 파일</Filter>
    </None>
    <None Include="python39.dll">
      <Filter>리소스 파일</Filter>
    </None>
  </ItemGroup>
</Project>